// !$*UTF8*$!
{
	archiveVersion = 1;
	classes = {
	};
	objectVersion = 77;
	objects = {

/* Begin PBXContainerItemProxy section */
		C243A90D2D667B8600325A5E /* PBXContainerItemProxy */ = {
			isa = PBXContainerItemProxy;
			containerPortal = C243A8F42D667B8400325A5E /* Project object */;
			proxyType = 1;
			remoteGlobalIDString = C243A8FB2D667B8400325A5E;
			remoteInfo = "Equest-Test";
		};
		C243A9172D667B8600325A5E /* PBXContainerItemProxy */ = {
			isa = PBXContainerItemProxy;
			containerPortal = C243A8F42D667B8400325A5E /* Project object */;
			proxyType = 1;
			remoteGlobalIDString = C243A8FB2D667B8400325A5E;
			remoteInfo = "Equest-Test";
		};
/* End PBXContainerItemProxy section */

/* Begin PBXFileReference section */
		C243A8FC2D667B8400325A5E /* Equest-Test.app */ = {isa = PBXFileReference; explicitFileType = wrapper.application; includeInIndex = 0; path = "Equest-Test.app"; sourceTree = BUILT_PRODUCTS_DIR; };
		C243A90C2D667B8600325A5E /* Equest-TestTests.xctest */ = {isa = PBXFileReference; explicitFileType = wrapper.cfbundle; includeInIndex = 0; path = "Equest-TestTests.xctest"; sourceTree = BUILT_PRODUCTS_DIR; };
		C243A9162D667B8600325A5E /* Equest-TestUITests.xctest */ = {isa = PBXFileReference; explicitFileType = wrapper.cfbundle; includeInIndex = 0; path = "Equest-TestUITests.xctest"; sourceTree = BUILT_PRODUCTS_DIR; };
/* End PBXFileReference section */

/* Begin PBXFileSystemSynchronizedRootGroup section */
		C243A8FE2D667B8400325A5E /* Equest-Test */ = {
			isa = PBXFileSystemSynchronizedRootGroup;
			path = "Equest-Test";
			sourceTree = "<group>";
		};
		C243A90F2D667B8600325A5E /* Equest-TestTests */ = {
			isa = PBXFileSystemSynchronizedRootGroup;
			path = "Equest-TestTests";
			sourceTree = "<group>";
		};
		C243A9192D667B8600325A5E /* Equest-TestUITests */ = {
			isa = PBXFileSystemSynchronizedRootGroup;
			path = "Equest-TestUITests";
			sourceTree = "<group>";
		};
/* End PBXFileSystemSynchronizedRootGroup section */

/* Begin PBXFrameworksBuildPhase section */
		C243A8F92D667B8400325A5E /* Frameworks */ = {
			isa = PBXFrameworksBuildPhase;
			buildActionMask = 2147483647;
			files = (
			);
			runOnlyForDeploymentPostprocessing = 0;
		};
		C243A9092D667B8600325A5E /* Frameworks */ = {
			isa = PBXFrameworksBuildPhase;
			buildActionMask = 2147483647;
			files = (
			);
			runOnlyForDeploymentPostprocessing = 0;
		};
		C243A9132D667B8600325A5E /* Frameworks */ = {
			isa = PBXFrameworksBuildPhase;
			buildActionMask = 2147483647;
			files = (
			);
			runOnlyForDeploymentPostprocessing = 0;
		};
/* End PBXFrameworksBuildPhase section */

/* Begin PBXGroup section */
		C243A8F32D667B8400325A5E = {
			isa = PBXGroup;
			children = (
				C243A8FE2D667B8400325A5E /* Equest-Test */,
				C243A90F2D667B8600325A5E /* Equest-TestTests */,
				C243A9192D667B8600325A5E /* Equest-TestUITests */,
				C243A8FD2D667B8400325A5E /* Products */,
			);
			sourceTree = "<group>";
		};
		C243A8FD2D667B8400325A5E /* Products */ = {
			isa = PBXGroup;
			children = (
				C243A8FC2D667B8400325A5E /* Equest-Test.app */,
				C243A90C2D667B8600325A5E /* Equest-TestTests.xctest */,
				C243A9162D667B8600325A5E /* Equest-TestUITests.xctest */,
			);
			name = Products;
			sourceTree = "<group>";
		};
/* End PBXGroup section */

/* Begin PBXNativeTarget section */
		C243A8FB2D667B8400325A5E /* Equest-Test */ = {
			isa = PBXNativeTarget;
			buildConfigurationList = C243A9202D667B8600325A5E /* Build configuration list for PBXNativeTarget "Equest-Test" */;
			buildPhases = (
				C243A8F82D667B8400325A5E /* Sources */,
				C243A8F92D667B8400325A5E /* Frameworks */,
				C243A8FA2D667B8400325A5E /* Resources */,
			);
			buildRules = (
			);
			dependencies = (
			);
			fileSystemSynchronizedGroups = (
				C243A8FE2D667B8400325A5E /* Equest-Test */,
			);
			name = "Equest-Test";
			packageProductDependencies = (
			);
			productName = "Equest-Test";
			productReference = C243A8FC2D667B8400325A5E /* Equest-Test.app */;
			productType = "com.apple.product-type.application";
		};
		C243A90B2D667B8600325A5E /* Equest-TestTests */ = {
			isa = PBXNativeTarget;
			buildConfigurationList = C243A9232D667B8600325A5E /* Build configuration list for PBXNativeTarget "Equest-TestTests" */;
			buildPhases = (
				C243A9082D667B8600325A5E /* Sources */,
				C243A9092D667B8600325A5E /* Frameworks */,
				C243A90A2D667B8600325A5E /* Resources */,
			);
			buildRules = (
			);
			dependencies = (
				C243A90E2D667B8600325A5E /* PBXTargetDependency */,
			);
			fileSystemSynchronizedGroups = (
				C243A90F2D667B8600325A5E /* Equest-TestTests */,
			);
			name = "Equest-TestTests";
			packageProductDependencies = (
			);
			productName = "Equest-TestTests";
			productReference = C243A90C2D667B8600325A5E /* Equest-TestTests.xctest */;
			productType = "com.apple.product-type.bundle.unit-test";
		};
		C243A9152D667B8600325A5E /* Equest-TestUITests */ = {
			isa = PBXNativeTarget;
			buildConfigurationList = C243A9262D667B8600325A5E /* Build configuration list for PBXNativeTarget "Equest-TestUITests" */;
			buildPhases = (
				C243A9122D667B8600325A5E /* Sources */,
				C243A9132D667B8600325A5E /* Frameworks */,
				C243A9142D667B8600325A5E /* Resources */,
			);
			buildRules = (
			);
			dependencies = (
				C243A9182D667B8600325A5E /* PBXTargetDependency */,
			);
			fileSystemSynchronizedGroups = (
				C243A9192D667B8600325A5E /* Equest-TestUITests */,
			);
			name = "Equest-TestUITests";
			packageProductDependencies = (
			);
			productName = "Equest-TestUITests";
			productReference = C243A9162D667B8600325A5E /* Equest-TestUITests.xctest */;
			productType = "com.apple.product-type.bundle.ui-testing";
		};
/* End PBXNativeTarget section */

/* Begin PBXProject section */
		C243A8F42D667B8400325A5E /* Project object */ = {
			isa = PBXProject;
			attributes = {
				BuildIndependentTargetsInParallel = 1;
				LastSwiftUpdateCheck = 1620;
				LastUpgradeCheck = 1620;
				TargetAttributes = {
					C243A8FB2D667B8400325A5E = {
						CreatedOnToolsVersion = 16.2;
					};
					C243A90B2D667B8600325A5E = {
						CreatedOnToolsVersion = 16.2;
						TestTargetID = C243A8FB2D667B8400325A5E;
					};
					C243A9152D667B8600325A5E = {
						CreatedOnToolsVersion = 16.2;
						TestTargetID = C243A8FB2D667B8400325A5E;
					};
				};
			};
			buildConfigurationList = C243A8F72D667B8400325A5E /* Build configuration list for PBXProject "Equest-Test" */;
			developmentRegion = en;
			hasScannedForEncodings = 0;
			knownRegions = (
				en,
				Base,
			);
			mainGroup = C243A8F32D667B8400325A5E;
			minimizedProjectReferenceProxies = 1;
			preferredProjectObjectVersion = 77;
			productRefGroup = C243A8FD2D667B8400325A5E /* Products */;
			projectDirPath = "";
			projectRoot = "";
			targets = (
				C243A8FB2D667B8400325A5E /* Equest-Test */,
				C243A90B2D667B8600325A5E /* Equest-TestTests */,
				C243A9152D667B8600325A5E /* Equest-TestUITests */,
			);
		};
/* End PBXProject section */

/* Begin PBXResourcesBuildPhase section */
		C243A8FA2D667B8400325A5E /* Resources */ = {
			isa = PBXResourcesBuildPhase;
			buildActionMask = 2147483647;
			files = (
			);
			runOnlyForDeploymentPostprocessing = 0;
		};
		C243A90A2D667B8600325A5E /* Resources */ = {
			isa = PBXResourcesBuildPhase;
			buildActionMask = 2147483647;
			files = (
			);
			runOnlyForDeploymentPostprocessing = 0;
		};
		C243A9142D667B8600325A5E /* Resources */ = {
			isa = PBXResourcesBuildPhase;
			buildActionMask = 2147483647;
			files = (
			);
			runOnlyForDeploymentPostprocessing = 0;
		};
/* End PBXResourcesBuildPhase section */

/* Begin PBXSourcesBuildPhase section */
		C243A8F82D667B8400325A5E /* Sources */ = {
			isa = PBXSourcesBuildPhase;
			buildActionMask = 2147483647;
			files = (
			);
			runOnlyForDeploymentPostprocessing = 0;
		};
		C243A9082D667B8600325A5E /* Sources */ = {
			isa = PBXSourcesBuildPhase;
			buildActionMask = 2147483647;
			files = (
			);
			runOnlyForDeploymentPostprocessing = 0;
		};
		C243A9122D667B8600325A5E /* Sources */ = {
			isa = PBXSourcesBuildPhase;
			buildActionMask = 2147483647;
			files = (
			);
			runOnlyForDeploymentPostprocessing = 0;
		};
/* End PBXSourcesBuildPhase section */

/* Begin PBXTargetDependency section */
		C243A90E2D667B8600325A5E /* PBXTargetDependency */ = {
			isa = PBXTargetDependency;
			target = C243A8FB2D667B8400325A5E /* Equest-Test */;
			targetProxy = C243A90D2D667B8600325A5E /* PBXContainerItemProxy */;
		};
		C243A9182D667B8600325A5E /* PBXTargetDependency */ = {
			isa = PBXTargetDependency;
			target = C243A8FB2D667B8400325A5E /* Equest-Test */;
			targetProxy = C243A9172D667B8600325A5E /* PBXContainerItemProxy */;
		};
/* End PBXTargetDependency section */

/* Begin XCBuildConfiguration section */
		C243A91E2D667B8600325A5E /* Debug */ = {
			isa = XCBuildConfiguration;
			buildSettings = {
				ALWAYS_SEARCH_USER_PATHS = NO;
				ASSETCATALOG_COMPILER_GENERATE_SWIFT_ASSET_SYMBOL_EXTENSIONS = YES;
				CLANG_ANALYZER_NONNULL = YES;
				CLANG_ANALYZER_NUMBER_OBJECT_CONVERSION = YES_AGGRESSIVE;
				CLANG_CXX_LANGUAGE_STANDARD = "gnu++20";
				CLANG_ENABLE_MODULES = YES;
				CLANG_ENABLE_OBJC_ARC = YES;
				CLANG_ENABLE_OBJC_WEAK = YES;
				CLANG_WARN_BLOCK_CAPTURE_AUTORELEASING = YES;
				CLANG_WARN_BOOL_CONVERSION = YES;
				CLANG_WARN_COMMA = YES;
				CLANG_WARN_CONSTANT_CONVERSION = YES;
				CLANG_WARN_DEPRECATED_OBJC_IMPLEMENTATIONS = YES;
				CLANG_WARN_DIRECT_OBJC_ISA_USAGE = YES_ERROR;
				CLANG_WARN_DOCUMENTATION_COMMENTS = YES;
				CLANG_WARN_EMPTY_BODY = YES;
				CLANG_WARN_ENUM_CONVERSION = YES;
				CLANG_WARN_INFINITE_RECURSION = YES;
				CLANG_WARN_INT_CONVERSION = YES;
				CLANG_WARN_NON_LITERAL_NULL_CONVERSION = YES;
				CLANG_WARN_OBJC_IMPLICIT_RETAIN_SELF = YES;
				CLANG_WARN_OBJC_LITERAL_CONVERSION = YES;
				CLANG_WARN_OBJC_ROOT_CLASS = YES_ERROR;
				CLANG_WARN_QUOTED_INCLUDE_IN_FRAMEWORK_HEADER = YES;
				CLANG_WARN_RANGE_LOOP_ANALYSIS = YES;
				CLANG_WARN_STRICT_PROTOTYPES = YES;
				CLANG_WARN_SUSPICIOUS_MOVE = YES;
				CLANG_WARN_UNGUARDED_AVAILABILITY = YES_AGGRESSIVE;
				CLANG_WARN_UNREACHABLE_CODE = YES;
				CLANG_WARN__DUPLICATE_METHOD_MATCH = YES;
				COPY_PHASE_STRIP = NO;
				DEBUG_INFORMATION_FORMAT = dwarf;
				ENABLE_STRICT_OBJC_MSGSEND = YES;
				ENABLE_TESTABILITY = YES;
				ENABLE_USER_SCRIPT_SANDBOXING = YES;
				GCC_C_LANGUAGE_STANDARD = gnu17;
				GCC_DYNAMIC_NO_PIC = NO;
				GCC_NO_COMMON_BLOCKS = YES;
				GCC_OPTIMIZATION_LEVEL = 0;
				GCC_PREPROCESSOR_DEFINITIONS = (
					"DEBUG=1",
					"$(inherited)",
				);
				GCC_WARN_64_TO_32_BIT_CONVERSION = YES;
				GCC_WARN_ABOUT_RETURN_TYPE = YES_ERROR;
				GCC_WARN_UNDECLARED_SELECTOR = YES;
				GCC_WARN_UNINITIALIZED_AUTOS = YES_AGGRESSIVE;
				GCC_WARN_UNUSED_FUNCTION = YES;
				GCC_WARN_UNUSED_VARIABLE = YES;
				IPHONEOS_DEPLOYMENT_TARGET = 18.2;
				LOCALIZATION_PREFERS_STRING_CATALOGS = YES;
				MTL_ENABLE_DEBUG_INFO = INCLUDE_SOURCE;
				MTL_FAST_MATH = YES;
				ONLY_ACTIVE_ARCH = YES;
				SDKROOT = iphoneos;
				SWIFT_ACTIVE_COMPILATION_CONDITIONS = "DEBUG $(inherited)";
				SWIFT_OPTIMIZATION_LEVEL = "-Onone";
			};
			name = Debug;
		};
		C243A91F2D667B8600325A5E /* Release */ = {
			isa = XCBuildConfiguration;
			buildSettings = {
				ALWAYS_SEARCH_USER_PATHS = NO;
				ASSETCATALOG_COMPILER_GENERATE_SWIFT_ASSET_SYMBOL_EXTENSIONS = YES;
				CLANG_ANALYZER_NONNULL = YES;
				CLANG_ANALYZER_NUMBER_OBJECT_CONVERSION = YES_AGGRESSIVE;
				CLANG_CXX_LANGUAGE_STANDARD = "gnu++20";
				CLANG_ENABLE_MODULES = YES;
				CLANG_ENABLE_OBJC_ARC = YES;
				CLANG_ENABLE_OBJC_WEAK = YES;
				CLANG_WARN_BLOCK_CAPTURE_AUTORELEASING = YES;
				CLANG_WARN_BOOL_CONVERSION = YES;
				CLANG_WARN_COMMA = YES;
				CLANG_WARN_CONSTANT_CONVERSION = YES;
				CLANG_WARN_DEPRECATED_OBJC_IMPLEMENTATIONS = YES;
				CLANG_WARN_DIRECT_OBJC_ISA_USAGE = YES_ERROR;
				CLANG_WARN_DOCUMENTATION_COMMENTS = YES;
				CLANG_WARN_EMPTY_BODY = YES;
				CLANG_WARN_ENUM_CONVERSION = YES;
				CLANG_WARN_INFINITE_RECURSION = YES;
				CLANG_WARN_INT_CONVERSION = YES;
				CLANG_WARN_NON_LITERAL_NULL_CONVERSION = YES;
				CLANG_WARN_OBJC_IMPLICIT_RETAIN_SELF = YES;
				CLANG_WARN_OBJC_LITERAL_CONVERSION = YES;
				CLANG_WARN_OBJC_ROOT_CLASS = YES_ERROR;
				CLANG_WARN_QUOTED_INCLUDE_IN_FRAMEWORK_HEADER = YES;
				CLANG_WARN_RANGE_LOOP_ANALYSIS = YES;
				CLANG_WARN_STRICT_PROTOTYPES = YES;
				CLANG_WARN_SUSPICIOUS_MOVE = YES;
				CLANG_WARN_UNGUARDED_AVAILABILITY = YES_AGGRESSIVE;
				CLANG_WARN_UNREACHABLE_CODE = YES;
				CLANG_WARN__DUPLICATE_METHOD_MATCH = YES;
				COPY_PHASE_STRIP = NO;
				DEBUG_INFORMATION_FORMAT = "dwarf-with-dsym";
				ENABLE_NS_ASSERTIONS = NO;
				ENABLE_STRICT_OBJC_MSGSEND = YES;
				ENABLE_USER_SCRIPT_SANDBOXING = YES;
				GCC_C_LANGUAGE_STANDARD = gnu17;
				GCC_NO_COMMON_BLOCKS = YES;
				GCC_WARN_64_TO_32_BIT_CONVERSION = YES;
				GCC_WARN_ABOUT_RETURN_TYPE = YES_ERROR;
				GCC_WARN_UNDECLARED_SELECTOR = YES;
				GCC_WARN_UNINITIALIZED_AUTOS = YES_AGGRESSIVE;
				GCC_WARN_UNUSED_FUNCTION = YES;
				GCC_WARN_UNUSED_VARIABLE = YES;
				IPHONEOS_DEPLOYMENT_TARGET = 18.2;
				LOCALIZATION_PREFERS_STRING_CATALOGS = YES;
				MTL_ENABLE_DEBUG_INFO = NO;
				MTL_FAST_MATH = YES;
				SDKROOT = iphoneos;
				SWIFT_COMPILATION_MODE = wholemodule;
				VALIDATE_PRODUCT = YES;
			};
			name = Release;
		};
		C243A9212D667B8600325A5E /* Debug */ = {
			isa = XCBuildConfiguration;
			buildSettings = {
				ASSETCATALOG_COMPILER_APPICON_NAME = AppIcon;
				ASSETCATALOG_COMPILER_GLOBAL_ACCENT_COLOR_NAME = AccentColor;
				CODE_SIGN_STYLE = Automatic;
				CURRENT_PROJECT_VERSION = 1;
				DEVELOPMENT_ASSET_PATHS = "\"Equest-Test/Preview Content\"";
				ENABLE_PREVIEWS = YES;
				GENERATE_INFOPLIST_FILE = YES;
				INFOPLIST_KEY_UIApplicationSceneManifest_Generation = YES;
				INFOPLIST_KEY_UIApplicationSupportsIndirectInputEvents = YES;
				INFOPLIST_KEY_UILaunchScreen_Generation = YES;
				INFOPLIST_KEY_UISupportedInterfaceOrientations_iPad = "UIInterfaceOrientationPortrait UIInterfaceOrientationPortraitUpsideDown UIInterfaceOrientationLandscapeLeft UIInterfaceOrientationLandscapeRight";
				INFOPLIST_KEY_UISupportedInterfaceOrientations_iPhone = "UIInterfaceOrientationPortrait UIInterfaceOrientationLandscapeLeft UIInterfaceOrientationLandscapeRight";
				LD_RUNPATH_SEARCH_PATHS = (
					"$(inherited)",
					"@executable_path/Frameworks",
				);
				MARKETING_VERSION = 1.0;
				PRODUCT_BUNDLE_IDENTIFIER = "com.br.teste.Equest-Test";
				PRODUCT_NAME = "$(TARGET_NAME)";
				SWIFT_EMIT_LOC_STRINGS = YES;
				SWIFT_VERSION = 5.0;
				TARGETED_DEVICE_FAMILY = "1,2";
			};
			name = Debug;
		};
		C243A9222D667B8600325A5E /* Release */ = {
			isa = XCBuildConfiguration;
			buildSettings = {
				ASSETCATALOG_COMPILER_APPICON_NAME = AppIcon;
				ASSETCATALOG_COMPILER_GLOBAL_ACCENT_COLOR_NAME = AccentColor;
				CODE_SIGN_STYLE = Automatic;
				CURRENT_PROJECT_VERSION = 1;
				DEVELOPMENT_ASSET_PATHS = "\"Equest-Test/Preview Content\"";
				ENABLE_PREVIEWS = YES;
				GENERATE_INFOPLIST_FILE = YES;
				INFOPLIST_KEY_UIApplicationSceneManifest_Generation = YES;
				INFOPLIST_KEY_UIApplicationSupportsIndirectInputEvents = YES;
				INFOPLIST_KEY_UILaunchScreen_Generation = YES;
				INFOPLIST_KEY_UISupportedInterfaceOrientations_iPad = "UIInterfaceOrientationPortrait UIInterfaceOrientationPortraitUpsideDown UIInterfaceOrientationLandscapeLeft UIInterfaceOrientationLandscapeRight";
				INFOPLIST_KEY_UISupportedInterfaceOrientations_iPhone = "UIInterfaceOrientationPortrait UIInterfaceOrientationLandscapeLeft UIInterfaceOrientationLandscapeRight";
				LD_RUNPATH_SEARCH_PATHS = (
					"$(inherited)",
					"@executable_path/Frameworks",
				);
				MARKETING_VERSION = 1.0;
				PRODUCT_BUNDLE_IDENTIFIER = "com.br.teste.Equest-Test";
				PRODUCT_NAME = "$(TARGET_NAME)";
				SWIFT_EMIT_LOC_STRINGS = YES;
				SWIFT_VERSION = 5.0;
				TARGETED_DEVICE_FAMILY = "1,2";
			};
			name = Release;
		};
		C243A9242D667B8600325A5E /* Debug */ = {
			isa = XCBuildConfiguration;
			buildSettings = {
				BUNDLE_LOADER = "$(TEST_HOST)";
				CODE_SIGN_STYLE = Automatic;
				CURRENT_PROJECT_VERSION = 1;
				GENERATE_INFOPLIST_FILE = YES;
				IPHONEOS_DEPLOYMENT_TARGET = 18.2;
				MARKETING_VERSION = 1.0;
				PRODUCT_BUNDLE_IDENTIFIER = "com.br.teste.Equest-TestTests";
				PRODUCT_NAME = "$(TARGET_NAME)";
				SWIFT_EMIT_LOC_STRINGS = NO;
				SWIFT_VERSION = 5.0;
				TARGETED_DEVICE_FAMILY = "1,2";
				TEST_HOST = "$(BUILT_PRODUCTS_DIR)/Equest-Test.app/$(BUNDLE_EXECUTABLE_FOLDER_PATH)/Equest-Test";
			};
			name = Debug;
		};
		C243A9252D667B8600325A5E /* Release */ = {
			isa = XCBuildConfiguration;
			buildSettings = {
				BUNDLE_LOADER = "$(TEST_HOST)";
				CODE_SIGN_STYLE = Automatic;
				CURRENT_PROJECT_VERSION = 1;
				GENERATE_INFOPLIST_FILE = YES;
				IPHONEOS_DEPLOYMENT_TARGET = 18.2;
				MARKETING_VERSION = 1.0;
				PRODUCT_BUNDLE_IDENTIFIER = "com.br.teste.Equest-TestTests";
				PRODUCT_NAME = "$(TARGET_NAME)";
				SWIFT_EMIT_LOC_STRINGS = NO;
				SWIFT_VERSION = 5.0;
				TARGETED_DEVICE_FAMILY = "1,2";
				TEST_HOST = "$(BUILT_PRODUCTS_DIR)/Equest-Test.app/$(BUNDLE_EXECUTABLE_FOLDER_PATH)/Equest-Test";
			};
			name = Release;
		};
		C243A9272D667B8600325A5E /* Debug */ = {
			isa = XCBuildConfiguration;
			buildSettings = {
				CODE_SIGN_STYLE = Automatic;
				CURRENT_PROJECT_VERSION = 1;
				GENERATE_INFOPLIST_FILE = YES;
				MARKETING_VERSION = 1.0;
				PRODUCT_BUNDLE_IDENTIFIER = "com.br.teste.Equest-TestUITests";
				PRODUCT_NAME = "$(TARGET_NAME)";
				SWIFT_EMIT_LOC_STRINGS = NO;
				SWIFT_VERSION = 5.0;
				TARGETED_DEVICE_FAMILY = "1,2";
				TEST_TARGET_NAME = "Equest-Test";
			};
			name = Debug;
		};
		C243A9282D667B8600325A5E /* Release */ = {
			isa = XCBuildConfiguration;
			buildSettings = {
				CODE_SIGN_STYLE = Automatic;
				CURRENT_PROJECT_VERSION = 1;
				GENERATE_INFOPLIST_FILE = YES;
				MARKETING_VERSION = 1.0;
				PRODUCT_BUNDLE_IDENTIFIER = "com.br.teste.Equest-TestUITests";
				PRODUCT_NAME = "$(TARGET_NAME)";
				SWIFT_EMIT_LOC_STRINGS = NO;
				SWIFT_VERSION = 5.0;
				TARGETED_DEVICE_FAMILY = "1,2";
				TEST_TARGET_NAME = "Equest-Test";
			};
			name = Release;
		};
/* End XCBuildConfiguration section */

/* Begin XCConfigurationList section */
		C243A8F72D667B8400325A5E /* Build configuration list for PBXProject "Equest-Test" */ = {
			isa = XCConfigurationList;
			buildConfigurations = (
				C243A91E2D667B8600325A5E /* Debug */,
				C243A91F2D667B8600325A5E /* Release */,
			);
			defaultConfigurationIsVisible = 0;
			defaultConfigurationName = Release;
		};
		C243A9202D667B8600325A5E /* Build configuration list for PBXNativeTarget "Equest-Test" */ = {
			isa = XCConfigurationList;
			buildConfigurations = (
				C243A9212D667B8600325A5E /* Debug */,
				C243A9222D667B8600325A5E /* Release */,
			);
			defaultConfigurationIsVisible = 0;
			defaultConfigurationName = Release;
		};
		C243A9232D667B8600325A5E /* Build configuration list for PBXNativeTarget "Equest-TestTests" */ = {
			isa = XCConfigurationList;
			buildConfigurations = (
				C243A9242D667B8600325A5E /* Debug */,
				C243A9252D667B8600325A5E /* Release */,
			);
			defaultConfigurationIsVisible = 0;
			defaultConfigurationName = Release;
		};
		C243A9262D667B8600325A5E /* Build configuration list for PBXNativeTarget "Equest-TestUITests" */ = {
			isa = XCConfigurationList;
			buildConfigurations = (
				C243A9272D667B8600325A5E /* Debug */,
				C243A9282D667B8600325A5E /* Release */,
			);
			defaultConfigurationIsVisible = 0;
			defaultConfigurationName = Release;
		};
/* End XCConfigurationList section */
	};
	rootObject = C243A8F42D667B8400325A5E /* Project object */;
}
